// !$*UTF8*$!
{
	archiveVersion = 1;
	classes = {
	};
	objectVersion = 46;
	objects = {

/* Begin PBXBuildFile section */
		623E1A211D7E5EEA00614587 /* FeedVC.swift in Sources */ = {isa = PBXBuildFile; fileRef = 623E1A201D7E5EEA00614587 /* FeedVC.swift */; };
		623E1A231D7E602900614587 /* PostCell.swift in Sources */ = {isa = PBXBuildFile; fileRef = 623E1A221D7E602900614587 /* PostCell.swift */; };
		6295CC8C1D7944C300D625E0 /* DataService.swift in Sources */ = {isa = PBXBuildFile; fileRef = 6295CC8B1D7944C300D625E0 /* DataService.swift */; };
		6295CC8E1D794D0100D625E0 /* GoogleService-Info.plist in Resources */ = {isa = PBXBuildFile; fileRef = 6295CC8D1D794D0100D625E0 /* GoogleService-Info.plist */; };
		62CFA6FC1D77563300F6EF82 /* AppDelegate.swift in Sources */ = {isa = PBXBuildFile; fileRef = 62CFA6FB1D77563300F6EF82 /* AppDelegate.swift */; };
		62CFA6FE1D77563300F6EF82 /* ViewController.swift in Sources */ = {isa = PBXBuildFile; fileRef = 62CFA6FD1D77563300F6EF82 /* ViewController.swift */; };
		62CFA7011D77563300F6EF82 /* Main.storyboard in Resources */ = {isa = PBXBuildFile; fileRef = 62CFA6FF1D77563300F6EF82 /* Main.storyboard */; };
		62CFA7031D77563300F6EF82 /* Assets.xcassets in Resources */ = {isa = PBXBuildFile; fileRef = 62CFA7021D77563300F6EF82 /* Assets.xcassets */; };
		62CFA7061D77563300F6EF82 /* LaunchScreen.storyboard in Resources */ = {isa = PBXBuildFile; fileRef = 62CFA7041D77563300F6EF82 /* LaunchScreen.storyboard */; };
		62CFA7151D7756CC00F6EF82 /* NotoSans-Bold.ttf in Resources */ = {isa = PBXBuildFile; fileRef = 62CFA7111D7756CC00F6EF82 /* NotoSans-Bold.ttf */; };
		62CFA7161D7756CC00F6EF82 /* NotoSans-BoldItalic.ttf in Resources */ = {isa = PBXBuildFile; fileRef = 62CFA7121D7756CC00F6EF82 /* NotoSans-BoldItalic.ttf */; };
		62CFA7171D7756CC00F6EF82 /* NotoSans-Italic.ttf in Resources */ = {isa = PBXBuildFile; fileRef = 62CFA7131D7756CC00F6EF82 /* NotoSans-Italic.ttf */; };
		62CFA7181D7756CC00F6EF82 /* NotoSans-Regular.ttf in Resources */ = {isa = PBXBuildFile; fileRef = 62CFA7141D7756CC00F6EF82 /* NotoSans-Regular.ttf */; };
		62CFA71A1D77686E00F6EF82 /* MaterialView.swift in Sources */ = {isa = PBXBuildFile; fileRef = 62CFA7191D77686E00F6EF82 /* MaterialView.swift */; };
		62CFA71D1D77691800F6EF82 /* Constants.swift in Sources */ = {isa = PBXBuildFile; fileRef = 62CFA71C1D77691800F6EF82 /* Constants.swift */; };
		62CFA71F1D77833400F6EF82 /* MaterialButton.swift in Sources */ = {isa = PBXBuildFile; fileRef = 62CFA71E1D77833400F6EF82 /* MaterialButton.swift */; };
		62CFA7211D778AA900F6EF82 /* MaterialTextField.swift in Sources */ = {isa = PBXBuildFile; fileRef = 62CFA7201D778AA900F6EF82 /* MaterialTextField.swift */; };
		62CFA7261D77B79000F6EF82 /* Bolts.framework in Frameworks */ = {isa = PBXBuildFile; fileRef = 62CFA7231D77B79000F6EF82 /* Bolts.framework */; };
		62CFA7271D77B79100F6EF82 /* FBSDKCoreKit.framework in Frameworks */ = {isa = PBXBuildFile; fileRef = 62CFA7241D77B79000F6EF82 /* FBSDKCoreKit.framework */; };
		62CFA7281D77B79100F6EF82 /* FBSDKLoginKit.framework in Frameworks */ = {isa = PBXBuildFile; fileRef = 62CFA7251D77B79000F6EF82 /* FBSDKLoginKit.framework */; };
		62CFA72A1D77B7D900F6EF82 /* FBSDKShareKit.framework in Frameworks */ = {isa = PBXBuildFile; fileRef = 62CFA7291D77B7D900F6EF82 /* FBSDKShareKit.framework */; };
		AACFB81C1593D0B5B7A063C0 /* Pods_MyShowcase.framework in Frameworks */ = {isa = PBXBuildFile; fileRef = 34740293F134E0A889EF396E /* Pods_MyShowcase.framework */; };
/* End PBXBuildFile section */

/* Begin PBXFileReference section */
		34740293F134E0A889EF396E /* Pods_MyShowcase.framework */ = {isa = PBXFileReference; explicitFileType = wrapper.framework; includeInIndex = 0; path = Pods_MyShowcase.framework; sourceTree = BUILT_PRODUCTS_DIR; };
		623E1A201D7E5EEA00614587 /* FeedVC.swift */ = {isa = PBXFileReference; fileEncoding = 4; lastKnownFileType = sourcecode.swift; path = FeedVC.swift; sourceTree = "<group>"; };
		623E1A221D7E602900614587 /* PostCell.swift */ = {isa = PBXFileReference; fileEncoding = 4; lastKnownFileType = sourcecode.swift; path = PostCell.swift; sourceTree = "<group>"; };
		6295CC8B1D7944C300D625E0 /* DataService.swift */ = {isa = PBXFileReference; fileEncoding = 4; lastKnownFileType = sourcecode.swift; path = DataService.swift; sourceTree = "<group>"; };
		6295CC8D1D794D0100D625E0 /* GoogleService-Info.plist */ = {isa = PBXFileReference; fileEncoding = 4; lastKnownFileType = text.plist.xml; path = "GoogleService-Info.plist"; sourceTree = "<group>"; };
		62CFA6F81D77563200F6EF82 /* MyShowcase.app */ = {isa = PBXFileReference; explicitFileType = wrapper.application; includeInIndex = 0; path = MyShowcase.app; sourceTree = BUILT_PRODUCTS_DIR; };
		62CFA6FB1D77563300F6EF82 /* AppDelegate.swift */ = {isa = PBXFileReference; lastKnownFileType = sourcecode.swift; path = AppDelegate.swift; sourceTree = "<group>"; };
		62CFA6FD1D77563300F6EF82 /* ViewController.swift */ = {isa = PBXFileReference; lastKnownFileType = sourcecode.swift; path = ViewController.swift; sourceTree = "<group>"; };
		62CFA7001D77563300F6EF82 /* Base */ = {isa = PBXFileReference; lastKnownFileType = file.storyboard; name = Base; path = Base.lproj/Main.storyboard; sourceTree = "<group>"; };
		62CFA7021D77563300F6EF82 /* Assets.xcassets */ = {isa = PBXFileReference; lastKnownFileType = folder.assetcatalog; path = Assets.xcassets; sourceTree = "<group>"; };
		62CFA7051D77563300F6EF82 /* Base */ = {isa = PBXFileReference; lastKnownFileType = file.storyboard; name = Base; path = Base.lproj/LaunchScreen.storyboard; sourceTree = "<group>"; };
		62CFA7071D77563300F6EF82 /* Info.plist */ = {isa = PBXFileReference; lastKnownFileType = text.plist.xml; path = Info.plist; sourceTree = "<group>"; };
		62CFA7111D7756CC00F6EF82 /* NotoSans-Bold.ttf */ = {isa = PBXFileReference; lastKnownFileType = file; path = "NotoSans-Bold.ttf"; sourceTree = "<group>"; };
		62CFA7121D7756CC00F6EF82 /* NotoSans-BoldItalic.ttf */ = {isa = PBXFileReference; lastKnownFileType = file; path = "NotoSans-BoldItalic.ttf"; sourceTree = "<group>"; };
		62CFA7131D7756CC00F6EF82 /* NotoSans-Italic.ttf */ = {isa = PBXFileReference; lastKnownFileType = file; path = "NotoSans-Italic.ttf"; sourceTree = "<group>"; };
		62CFA7141D7756CC00F6EF82 /* NotoSans-Regular.ttf */ = {isa = PBXFileReference; lastKnownFileType = file; path = "NotoSans-Regular.ttf"; sourceTree = "<group>"; };
		62CFA7191D77686E00F6EF82 /* MaterialView.swift */ = {isa = PBXFileReference; fileEncoding = 4; lastKnownFileType = sourcecode.swift; path = MaterialView.swift; sourceTree = "<group>"; };
		62CFA71C1D77691800F6EF82 /* Constants.swift */ = {isa = PBXFileReference; fileEncoding = 4; lastKnownFileType = sourcecode.swift; path = Constants.swift; sourceTree = "<group>"; };
		62CFA71E1D77833400F6EF82 /* MaterialButton.swift */ = {isa = PBXFileReference; fileEncoding = 4; lastKnownFileType = sourcecode.swift; path = MaterialButton.swift; sourceTree = "<group>"; };
		62CFA7201D778AA900F6EF82 /* MaterialTextField.swift */ = {isa = PBXFileReference; fileEncoding = 4; lastKnownFileType = sourcecode.swift; path = MaterialTextField.swift; sourceTree = "<group>"; };
		62CFA7231D77B79000F6EF82 /* Bolts.framework */ = {isa = PBXFileReference; lastKnownFileType = wrapper.framework; path = Bolts.framework; sourceTree = "<group>"; };
		62CFA7241D77B79000F6EF82 /* FBSDKCoreKit.framework */ = {isa = PBXFileReference; lastKnownFileType = wrapper.framework; path = FBSDKCoreKit.framework; sourceTree = "<group>"; };
		62CFA7251D77B79000F6EF82 /* FBSDKLoginKit.framework */ = {isa = PBXFileReference; lastKnownFileType = wrapper.framework; path = FBSDKLoginKit.framework; sourceTree = "<group>"; };
		62CFA7291D77B7D900F6EF82 /* FBSDKShareKit.framework */ = {isa = PBXFileReference; lastKnownFileType = wrapper.framework; path = FBSDKShareKit.framework; sourceTree = "<group>"; };
		7A00C7BC66DB4FFE6EAB4BCF /* Pods-MyShowcase.release.xcconfig */ = {isa = PBXFileReference; includeInIndex = 1; lastKnownFileType = text.xcconfig; name = "Pods-MyShowcase.release.xcconfig"; path = "Pods/Target Support Files/Pods-MyShowcase/Pods-MyShowcase.release.xcconfig"; sourceTree = "<group>"; };
		A23C2EC42FEE305F861C5B23 /* Pods-MyShowcase.debug.xcconfig */ = {isa = PBXFileReference; includeInIndex = 1; lastKnownFileType = text.xcconfig; name = "Pods-MyShowcase.debug.xcconfig"; path = "Pods/Target Support Files/Pods-MyShowcase/Pods-MyShowcase.debug.xcconfig"; sourceTree = "<group>"; };
/* End PBXFileReference section */

/* Begin PBXFrameworksBuildPhase section */
		62CFA6F51D77563200F6EF82 /* Frameworks */ = {
			isa = PBXFrameworksBuildPhase;
			buildActionMask = 2147483647;
			files = (
				62CFA72A1D77B7D900F6EF82 /* FBSDKShareKit.framework in Frameworks */,
				62CFA7261D77B79000F6EF82 /* Bolts.framework in Frameworks */,
				62CFA7271D77B79100F6EF82 /* FBSDKCoreKit.framework in Frameworks */,
				62CFA7281D77B79100F6EF82 /* FBSDKLoginKit.framework in Frameworks */,
				AACFB81C1593D0B5B7A063C0 /* Pods_MyShowcase.framework in Frameworks */,
			);
			runOnlyForDeploymentPostprocessing = 0;
		};
/* End PBXFrameworksBuildPhase section */

/* Begin PBXGroup section */
		3B8DB3103E96DF60AE7CF828 /* Pods */ = {
			isa = PBXGroup;
			children = (
				A23C2EC42FEE305F861C5B23 /* Pods-MyShowcase.debug.xcconfig */,
				7A00C7BC66DB4FFE6EAB4BCF /* Pods-MyShowcase.release.xcconfig */,
			);
			name = Pods;
			sourceTree = "<group>";
		};
		6295CC8A1D79448E00D625E0 /* Services */ = {
			isa = PBXGroup;
			children = (
				6295CC8B1D7944C300D625E0 /* DataService.swift */,
			);
			name = Services;
			sourceTree = "<group>";
		};
		62CFA6EF1D77563200F6EF82 = {
			isa = PBXGroup;
			children = (
				6295CC8D1D794D0100D625E0 /* GoogleService-Info.plist */,
				62CFA6FA1D77563300F6EF82 /* MyShowcase */,
				62CFA6F91D77563200F6EF82 /* Products */,
				3B8DB3103E96DF60AE7CF828 /* Pods */,
				A1C04714A3D5FFF34E2BCDAD /* Frameworks */,
			);
			sourceTree = "<group>";
		};
		62CFA6F91D77563200F6EF82 /* Products */ = {
			isa = PBXGroup;
			children = (
				62CFA6F81D77563200F6EF82 /* MyShowcase.app */,
			);
			name = Products;
			sourceTree = "<group>";
		};
		62CFA6FA1D77563300F6EF82 /* MyShowcase */ = {
			isa = PBXGroup;
			children = (
				6295CC8A1D79448E00D625E0 /* Services */,
				62CFA7221D77B73B00F6EF82 /* Frameworks */,
				62CFA71B1D7768FC00F6EF82 /* Util */,
				62CFA7101D77568600F6EF82 /* Resources */,
				62CFA70F1D77567800F6EF82 /* Model */,
				62CFA70E1D77567200F6EF82 /* View */,
				62CFA70D1D77566800F6EF82 /* Controller */,
				62CFA6FB1D77563300F6EF82 /* AppDelegate.swift */,
				62CFA6FF1D77563300F6EF82 /* Main.storyboard */,
				62CFA7021D77563300F6EF82 /* Assets.xcassets */,
				62CFA7041D77563300F6EF82 /* LaunchScreen.storyboard */,
				62CFA7071D77563300F6EF82 /* Info.plist */,
			);
			path = MyShowcase;
			sourceTree = "<group>";
		};
		62CFA70D1D77566800F6EF82 /* Controller */ = {
			isa = PBXGroup;
			children = (
				62CFA6FD1D77563300F6EF82 /* ViewController.swift */,
				623E1A201D7E5EEA00614587 /* FeedVC.swift */,
			);
			name = Controller;
			sourceTree = "<group>";
		};
		62CFA70E1D77567200F6EF82 /* View */ = {
			isa = PBXGroup;
			children = (
				62CFA7191D77686E00F6EF82 /* MaterialView.swift */,
				62CFA71E1D77833400F6EF82 /* MaterialButton.swift */,
				62CFA7201D778AA900F6EF82 /* MaterialTextField.swift */,
				623E1A221D7E602900614587 /* PostCell.swift */,
			);
			name = View;
			sourceTree = "<group>";
		};
		62CFA70F1D77567800F6EF82 /* Model */ = {
			isa = PBXGroup;
			children = (
			);
			name = Model;
			sourceTree = "<group>";
		};
		62CFA7101D77568600F6EF82 /* Resources */ = {
			isa = PBXGroup;
			children = (
				62CFA7111D7756CC00F6EF82 /* NotoSans-Bold.ttf */,
				62CFA7121D7756CC00F6EF82 /* NotoSans-BoldItalic.ttf */,
				62CFA7131D7756CC00F6EF82 /* NotoSans-Italic.ttf */,
				62CFA7141D7756CC00F6EF82 /* NotoSans-Regular.ttf */,
			);
			name = Resources;
			sourceTree = "<group>";
		};
		62CFA71B1D7768FC00F6EF82 /* Util */ = {
			isa = PBXGroup;
			children = (
				62CFA71C1D77691800F6EF82 /* Constants.swift */,
			);
			name = Util;
			sourceTree = "<group>";
		};
		62CFA7221D77B73B00F6EF82 /* Frameworks */ = {
			isa = PBXGroup;
			children = (
				62CFA7291D77B7D900F6EF82 /* FBSDKShareKit.framework */,
				62CFA7231D77B79000F6EF82 /* Bolts.framework */,
				62CFA7241D77B79000F6EF82 /* FBSDKCoreKit.framework */,
				62CFA7251D77B79000F6EF82 /* FBSDKLoginKit.framework */,
			);
			name = Frameworks;
			sourceTree = "<group>";
		};
		A1C04714A3D5FFF34E2BCDAD /* Frameworks */ = {
			isa = PBXGroup;
			children = (
				34740293F134E0A889EF396E /* Pods_MyShowcase.framework */,
			);
			name = Frameworks;
			sourceTree = "<group>";
		};
/* End PBXGroup section */

/* Begin PBXNativeTarget section */
		62CFA6F71D77563200F6EF82 /* MyShowcase */ = {
			isa = PBXNativeTarget;
			buildConfigurationList = 62CFA70A1D77563300F6EF82 /* Build configuration list for PBXNativeTarget "MyShowcase" */;
			buildPhases = (
				6A9257418CF7C769534CAC3A /* [CP] Check Pods Manifest.lock */,
				62CFA6F41D77563200F6EF82 /* Sources */,
				62CFA6F51D77563200F6EF82 /* Frameworks */,
				62CFA6F61D77563200F6EF82 /* Resources */,
				EFE671A9BCA4B003FA538F99 /* [CP] Embed Pods Frameworks */,
				E9FDFE9292A952BC51C5D623 /* [CP] Copy Pods Resources */,
			);
			buildRules = (
			);
			dependencies = (
			);
			name = MyShowcase;
			productName = MyShowcase;
			productReference = 62CFA6F81D77563200F6EF82 /* MyShowcase.app */;
			productType = "com.apple.product-type.application";
		};
/* End PBXNativeTarget section */

/* Begin PBXProject section */
		62CFA6F01D77563200F6EF82 /* Project object */ = {
			isa = PBXProject;
			attributes = {
				LastSwiftUpdateCheck = 0730;
				LastUpgradeCheck = 0730;
				ORGANIZATIONNAME = "Vandan Patel";
				TargetAttributes = {
					62CFA6F71D77563200F6EF82 = {
						CreatedOnToolsVersion = 7.3.1;
					};
				};
			};
			buildConfigurationList = 62CFA6F31D77563200F6EF82 /* Build configuration list for PBXProject "MyShowcase" */;
			compatibilityVersion = "Xcode 3.2";
			developmentRegion = English;
			hasScannedForEncodings = 0;
			knownRegions = (
				en,
				Base,
			);
			mainGroup = 62CFA6EF1D77563200F6EF82;
			productRefGroup = 62CFA6F91D77563200F6EF82 /* Products */;
			projectDirPath = "";
			projectRoot = "";
			targets = (
				62CFA6F71D77563200F6EF82 /* MyShowcase */,
			);
		};
/* End PBXProject section */

/* Begin PBXResourcesBuildPhase section */
		62CFA6F61D77563200F6EF82 /* Resources */ = {
			isa = PBXResourcesBuildPhase;
			buildActionMask = 2147483647;
			files = (
				62CFA7151D7756CC00F6EF82 /* NotoSans-Bold.ttf in Resources */,
				6295CC8E1D794D0100D625E0 /* GoogleService-Info.plist in Resources */,
				62CFA7061D77563300F6EF82 /* LaunchScreen.storyboard in Resources */,
				62CFA7161D7756CC00F6EF82 /* NotoSans-BoldItalic.ttf in Resources */,
				62CFA7171D7756CC00F6EF82 /* NotoSans-Italic.ttf in Resources */,
				62CFA7031D77563300F6EF82 /* Assets.xcassets in Resources */,
				62CFA7011D77563300F6EF82 /* Main.storyboard in Resources */,
				62CFA7181D7756CC00F6EF82 /* NotoSans-Regular.ttf in Resources */,
			);
			runOnlyForDeploymentPostprocessing = 0;
		};
/* End PBXResourcesBuildPhase section */

/* Begin PBXShellScriptBuildPhase section */
		6A9257418CF7C769534CAC3A /* [CP] Check Pods Manifest.lock */ = {
			isa = PBXShellScriptBuildPhase;
			buildActionMask = 2147483647;
			files = (
			);
			inputPaths = (
			);
			name = "[CP] Check Pods Manifest.lock";
			outputPaths = (
			);
			runOnlyForDeploymentPostprocessing = 0;
			shellPath = /bin/sh;
			shellScript = "diff \"${PODS_ROOT}/../Podfile.lock\" \"${PODS_ROOT}/Manifest.lock\" > /dev/null\nif [[ $? != 0 ]] ; then\n    cat << EOM\nerror: The sandbox is not in sync with the Podfile.lock. Run 'pod install' or update your CocoaPods installation.\nEOM\n    exit 1\nfi\n";
			showEnvVarsInLog = 0;
		};
		E9FDFE9292A952BC51C5D623 /* [CP] Copy Pods Resources */ = {
			isa = PBXShellScriptBuildPhase;
			buildActionMask = 2147483647;
			files = (
			);
			inputPaths = (
			);
			name = "[CP] Copy Pods Resources";
			outputPaths = (
			);
			runOnlyForDeploymentPostprocessing = 0;
			shellPath = /bin/sh;
			shellScript = "\"${SRCROOT}/Pods/Target Support Files/Pods-MyShowcase/Pods-MyShowcase-resources.sh\"\n";
			showEnvVarsInLog = 0;
		};
		EFE671A9BCA4B003FA538F99 /* [CP] Embed Pods Frameworks */ = {
			isa = PBXShellScriptBuildPhase;
			buildActionMask = 2147483647;
			files = (
			);
			inputPaths = (
			);
			name = "[CP] Embed Pods Frameworks";
			outputPaths = (
			);
			runOnlyForDeploymentPostprocessing = 0;
			shellPath = /bin/sh;
			shellScript = "\"${SRCROOT}/Pods/Target Support Files/Pods-MyShowcase/Pods-MyShowcase-frameworks.sh\"\n";
			showEnvVarsInLog = 0;
		};
/* End PBXShellScriptBuildPhase section */

/* Begin PBXSourcesBuildPhase section */
		62CFA6F41D77563200F6EF82 /* Sources */ = {
			isa = PBXSourcesBuildPhase;
			buildActionMask = 2147483647;
			files = (
				62CFA7211D778AA900F6EF82 /* MaterialTextField.swift in Sources */,
				6295CC8C1D7944C300D625E0 /* DataService.swift in Sources */,
				62CFA71A1D77686E00F6EF82 /* MaterialView.swift in Sources */,
				62CFA6FE1D77563300F6EF82 /* ViewController.swift in Sources */,
				623E1A211D7E5EEA00614587 /* FeedVC.swift in Sources */,
				623E1A231D7E602900614587 /* PostCell.swift in Sources */,
				62CFA6FC1D77563300F6EF82 /* AppDelegate.swift in Sources */,
				62CFA71D1D77691800F6EF82 /* Constants.swift in Sources */,
				62CFA71F1D77833400F6EF82 /* MaterialButton.swift in Sources */,
			);
			runOnlyForDeploymentPostprocessing = 0;
		};
/* End PBXSourcesBuildPhase section */

/* Begin PBXVariantGroup section */
		62CFA6FF1D77563300F6EF82 /* Main.storyboard */ = {
			isa = PBXVariantGroup;
			children = (
				62CFA7001D77563300F6EF82 /* Base */,
			);
			name = Main.storyboard;
			sourceTree = "<group>";
		};
		62CFA7041D77563300F6EF82 /* LaunchScreen.storyboard */ = {
			isa = PBXVariantGroup;
			children = (
				62CFA7051D77563300F6EF82 /* Base */,
			);
			name = LaunchScreen.storyboard;
			sourceTree = "<group>";
		};
/* End PBXVariantGroup section */

/* Begin XCBuildConfiguration section */
		62CFA7081D77563300F6EF82 /* Debug */ = {
			isa = XCBuildConfiguration;
			buildSettings = {
				ALWAYS_SEARCH_USER_PATHS = NO;
				CLANG_ANALYZER_NONNULL = YES;
				CLANG_CXX_LANGUAGE_STANDARD = "gnu++0x";
				CLANG_CXX_LIBRARY = "libc++";
				CLANG_ENABLE_MODULES = YES;
				CLANG_ENABLE_OBJC_ARC = YES;
				CLANG_WARN_BOOL_CONVERSION = YES;
				CLANG_WARN_CONSTANT_CONVERSION = YES;
				CLANG_WARN_DIRECT_OBJC_ISA_USAGE = YES_ERROR;
				CLANG_WARN_EMPTY_BODY = YES;
				CLANG_WARN_ENUM_CONVERSION = YES;
				CLANG_WARN_INT_CONVERSION = YES;
				CLANG_WARN_OBJC_ROOT_CLASS = YES_ERROR;
				CLANG_WARN_UNREACHABLE_CODE = YES;
				CLANG_WARN__DUPLICATE_METHOD_MATCH = YES;
				"CODE_SIGN_IDENTITY[sdk=iphoneos*]" = "iPhone Developer";
				COPY_PHASE_STRIP = NO;
				DEBUG_INFORMATION_FORMAT = dwarf;
				ENABLE_STRICT_OBJC_MSGSEND = YES;
				ENABLE_TESTABILITY = YES;
				GCC_C_LANGUAGE_STANDARD = gnu99;
				GCC_DYNAMIC_NO_PIC = NO;
				GCC_NO_COMMON_BLOCKS = YES;
				GCC_OPTIMIZATION_LEVEL = 0;
				GCC_PREPROCESSOR_DEFINITIONS = (
					"DEBUG=1",
					"$(inherited)",
				);
				GCC_WARN_64_TO_32_BIT_CONVERSION = YES;
				GCC_WARN_ABOUT_RETURN_TYPE = YES_ERROR;
				GCC_WARN_UNDECLARED_SELECTOR = YES;
				GCC_WARN_UNINITIALIZED_AUTOS = YES_AGGRESSIVE;
				GCC_WARN_UNUSED_FUNCTION = YES;
				GCC_WARN_UNUSED_VARIABLE = YES;
				IPHONEOS_DEPLOYMENT_TARGET = 9.3;
				MTL_ENABLE_DEBUG_INFO = YES;
				ONLY_ACTIVE_ARCH = YES;
				SDKROOT = iphoneos;
				SWIFT_OPTIMIZATION_LEVEL = "-Onone";
				TARGETED_DEVICE_FAMILY = "1,2";
			};
			name = Debug;
		};
		62CFA7091D77563300F6EF82 /* Release */ = {
			isa = XCBuildConfiguration;
			buildSettings = {
				ALWAYS_SEARCH_USER_PATHS = NO;
				CLANG_ANALYZER_NONNULL = YES;
				CLANG_CXX_LANGUAGE_STANDARD = "gnu++0x";
				CLANG_CXX_LIBRARY = "libc++";
				CLANG_ENABLE_MODULES = YES;
				CLANG_ENABLE_OBJC_ARC = YES;
				CLANG_WARN_BOOL_CONVERSION = YES;
				CLANG_WARN_CONSTANT_CONVERSION = YES;
				CLANG_WARN_DIRECT_OBJC_ISA_USAGE = YES_ERROR;
				CLANG_WARN_EMPTY_BODY = YES;
				CLANG_WARN_ENUM_CONVERSION = YES;
				CLANG_WARN_INT_CONVERSION = YES;
				CLANG_WARN_OBJC_ROOT_CLASS = YES_ERROR;
				CLANG_WARN_UNREACHABLE_CODE = YES;
				CLANG_WARN__DUPLICATE_METHOD_MATCH = YES;
				"CODE_SIGN_IDENTITY[sdk=iphoneos*]" = "iPhone Developer";
				COPY_PHASE_STRIP = NO;
				DEBUG_INFORMATION_FORMAT = "dwarf-with-dsym";
				ENABLE_NS_ASSERTIONS = NO;
				ENABLE_STRICT_OBJC_MSGSEND = YES;
				GCC_C_LANGUAGE_STANDARD = gnu99;
				GCC_NO_COMMON_BLOCKS = YES;
				GCC_WARN_64_TO_32_BIT_CONVERSION = YES;
				GCC_WARN_ABOUT_RETURN_TYPE = YES_ERROR;
				GCC_WARN_UNDECLARED_SELECTOR = YES;
				GCC_WARN_UNINITIALIZED_AUTOS = YES_AGGRESSIVE;
				GCC_WARN_UNUSED_FUNCTION = YES;
				GCC_WARN_UNUSED_VARIABLE = YES;
				IPHONEOS_DEPLOYMENT_TARGET = 9.3;
				MTL_ENABLE_DEBUG_INFO = NO;
				SDKROOT = iphoneos;
				TARGETED_DEVICE_FAMILY = "1,2";
				VALIDATE_PRODUCT = YES;
			};
			name = Release;
		};
		62CFA70B1D77563300F6EF82 /* Debug */ = {
			isa = XCBuildConfiguration;
			baseConfigurationReference = A23C2EC42FEE305F861C5B23 /* Pods-MyShowcase.debug.xcconfig */;
			buildSettings = {
				ASSETCATALOG_COMPILER_APPICON_NAME = AppIcon;
				ENABLE_BITCODE = NO;
				FRAMEWORK_SEARCH_PATHS = (
					"$(inherited)",
					"$(PROJECT_DIR)/MyShowcase",
				);
				INFOPLIST_FILE = MyShowcase/Info.plist;
				LD_RUNPATH_SEARCH_PATHS = "$(inherited) @executable_path/Frameworks";
				PRODUCT_BUNDLE_IDENTIFIER = com.vandanpatel.MyShowcase;
				PRODUCT_NAME = "$(TARGET_NAME)";
			};
			name = Debug;
		};
		62CFA70C1D77563300F6EF82 /* Release */ = {
			isa = XCBuildConfiguration;
			baseConfigurationReference = 7A00C7BC66DB4FFE6EAB4BCF /* Pods-MyShowcase.release.xcconfig */;
			buildSettings = {
				ASSETCATALOG_COMPILER_APPICON_NAME = AppIcon;
				ENABLE_BITCODE = NO;
				FRAMEWORK_SEARCH_PATHS = (
					"$(inherited)",
					"$(PROJECT_DIR)/MyShowcase",
				);
				INFOPLIST_FILE = MyShowcase/Info.plist;
				LD_RUNPATH_SEARCH_PATHS = "$(inherited) @executable_path/Frameworks";
				PRODUCT_BUNDLE_IDENTIFIER = com.vandanpatel.MyShowcase;
				PRODUCT_NAME = "$(TARGET_NAME)";
			};
			name = Release;
		};
/* End XCBuildConfiguration section */

/* Begin XCConfigurationList section */
		62CFA6F31D77563200F6EF82 /* Build configuration list for PBXProject "MyShowcase" */ = {
			isa = XCConfigurationList;
			buildConfigurations = (
				62CFA7081D77563300F6EF82 /* Debug */,
				62CFA7091D77563300F6EF82 /* Release */,
			);
			defaultConfigurationIsVisible = 0;
			defaultConfigurationName = Release;
		};
		62CFA70A1D77563300F6EF82 /* Build configuration list for PBXNativeTarget "MyShowcase" */ = {
			isa = XCConfigurationList;
			buildConfigurations = (
				62CFA70B1D77563300F6EF82 /* Debug */,
				62CFA70C1D77563300F6EF82 /* Release */,
			);
			defaultConfigurationIsVisible = 0;
			defaultConfigurationName = Release;
		};
/* End XCConfigurationList section */
	};
	rootObject = 62CFA6F01D77563200F6EF82 /* Project object */;
}
