// !$*UTF8*$!
{
	archiveVersion = 1;
	classes = {
	};
	objectVersion = 46;
	objects = {

/* Begin PBXBuildFile section */
		62CFA6FC1D77563300F6EF82 /* AppDelegate.swift in Sources */ = {isa = PBXBuildFile; fileRef = 62CFA6FB1D77563300F6EF82 /* AppDelegate.swift */; };
		62CFA6FE1D77563300F6EF82 /* ViewController.swift in Sources */ = {isa = PBXBuildFile; fileRef = 62CFA6FD1D77563300F6EF82 /* ViewController.swift */; };
		62CFA7011D77563300F6EF82 /* Main.storyboard in Resources */ = {isa = PBXBuildFile; fileRef = 62CFA6FF1D77563300F6EF82 /* Main.storyboard */; };
		62CFA7031D77563300F6EF82 /* Assets.xcassets in Resources */ = {isa = PBXBuildFile; fileRef = 62CFA7021D77563300F6EF82 /* Assets.xcassets */; };
		62CFA7061D77563300F6EF82 /* LaunchScreen.storyboard in Resources */ = {isa = PBXBuildFile; fileRef = 62CFA7041D77563300F6EF82 /* LaunchScreen.storyboard */; };
		62CFA7151D7756CC00F6EF82 /* NotoSans-Bold.ttf in Resources */ = {isa = PBXBuildFile; fileRef = 62CFA7111D7756CC00F6EF82 /* NotoSans-Bold.ttf */; };
		62CFA7161D7756CC00F6EF82 /* NotoSans-BoldItalic.ttf in Resources */ = {isa = PBXBuildFile; fileRef = 62CFA7121D7756CC00F6EF82 /* NotoSans-BoldItalic.ttf */; };
		62CFA7171D7756CC00F6EF82 /* NotoSans-Italic.ttf in Resources */ = {isa = PBXBuildFile; fileRef = 62CFA7131D7756CC00F6EF82 /* NotoSans-Italic.ttf */; };
		62CFA7181D7756CC00F6EF82 /* NotoSans-Regular.ttf in Resources */ = {isa = PBXBuildFile; fileRef = 62CFA7141D7756CC00F6EF82 /* NotoSans-Regular.ttf */; };
		62CFA71A1D77686E00F6EF82 /* MaterialView.swift in Sources */ = {isa = PBXBuildFile; fileRef = 62CFA7191D77686E00F6EF82 /* MaterialView.swift */; };
		62CFA71D1D77691800F6EF82 /* Constants.swift in Sources */ = {isa = PBXBuildFile; fileRef = 62CFA71C1D77691800F6EF82 /* Constants.swift */; };
		62CFA71F1D77833400F6EF82 /* MaterialButton.swift in Sources */ = {isa = PBXBuildFile; fileRef = 62CFA71E1D77833400F6EF82 /* MaterialButton.swift */; };
		62CFA7211D778AA900F6EF82 /* MaterialTextField.swift in Sources */ = {isa = PBXBuildFile; fileRef = 62CFA7201D778AA900F6EF82 /* MaterialTextField.swift */; };
/* End PBXBuildFile section */

/* Begin PBXFileReference section */
		62CFA6F81D77563200F6EF82 /* MyShowcase.app */ = {isa = PBXFileReference; explicitFileType = wrapper.application; includeInIndex = 0; path = MyShowcase.app; sourceTree = BUILT_PRODUCTS_DIR; };
		62CFA6FB1D77563300F6EF82 /* AppDelegate.swift */ = {isa = PBXFileReference; lastKnownFileType = sourcecode.swift; path = AppDelegate.swift; sourceTree = "<group>"; };
		62CFA6FD1D77563300F6EF82 /* ViewController.swift */ = {isa = PBXFileReference; lastKnownFileType = sourcecode.swift; path = ViewController.swift; sourceTree = "<group>"; };
		62CFA7001D77563300F6EF82 /* Base */ = {isa = PBXFileReference; lastKnownFileType = file.storyboard; name = Base; path = Base.lproj/Main.storyboard; sourceTree = "<group>"; };
		62CFA7021D77563300F6EF82 /* Assets.xcassets */ = {isa = PBXFileReference; lastKnownFileType = folder.assetcatalog; path = Assets.xcassets; sourceTree = "<group>"; };
		62CFA7051D77563300F6EF82 /* Base */ = {isa = PBXFileReference; lastKnownFileType = file.storyboard; name = Base; path = Base.lproj/LaunchScreen.storyboard; sourceTree = "<group>"; };
		62CFA7071D77563300F6EF82 /* Info.plist */ = {isa = PBXFileReference; lastKnownFileType = text.plist.xml; path = Info.plist; sourceTree = "<group>"; };
		62CFA7111D7756CC00F6EF82 /* NotoSans-Bold.ttf */ = {isa = PBXFileReference; lastKnownFileType = file; path = "NotoSans-Bold.ttf"; sourceTree = "<group>"; };
		62CFA7121D7756CC00F6EF82 /* NotoSans-BoldItalic.ttf */ = {isa = PBXFileReference; lastKnownFileType = file; path = "NotoSans-BoldItalic.ttf"; sourceTree = "<group>"; };
		62CFA7131D7756CC00F6EF82 /* NotoSans-Italic.ttf */ = {isa = PBXFileReference; lastKnownFileType = file; path = "NotoSans-Italic.ttf"; sourceTree = "<group>"; };
		62CFA7141D7756CC00F6EF82 /* NotoSans-Regular.ttf */ = {isa = PBXFileReference; lastKnownFileType = file; path = "NotoSans-Regular.ttf"; sourceTree = "<group>"; };
		62CFA7191D77686E00F6EF82 /* MaterialView.swift */ = {isa = PBXFileReference; fileEncoding = 4; lastKnownFileType = sourcecode.swift; path = MaterialView.swift; sourceTree = "<group>"; };
		62CFA71C1D77691800F6EF82 /* Constants.swift */ = {isa = PBXFileReference; fileEncoding = 4; lastKnownFileType = sourcecode.swift; path = Constants.swift; sourceTree = "<group>"; };
		62CFA71E1D77833400F6EF82 /* MaterialButton.swift */ = {isa = PBXFileReference; fileEncoding = 4; lastKnownFileType = sourcecode.swift; path = MaterialButton.swift; sourceTree = "<group>"; };
		62CFA7201D778AA900F6EF82 /* MaterialTextField.swift */ = {isa = PBXFileReference; fileEncoding = 4; lastKnownFileType = sourcecode.swift; path = MaterialTextField.swift; sourceTree = "<group>"; };
/* End PBXFileReference section */

/* Begin PBXFrameworksBuildPhase section */
		62CFA6F51D77563200F6EF82 /* Frameworks */ = {
			isa = PBXFrameworksBuildPhase;
			buildActionMask = 2147483647;
			files = (
			);
			runOnlyForDeploymentPostprocessing = 0;
		};
/* End PBXFrameworksBuildPhase section */

/* Begin PBXGroup section */
		62CFA6EF1D77563200F6EF82 = {
			isa = PBXGroup;
			children = (
				62CFA6FA1D77563300F6EF82 /* MyShowcase */,
				62CFA6F91D77563200F6EF82 /* Products */,
			);
			sourceTree = "<group>";
		};
		62CFA6F91D77563200F6EF82 /* Products */ = {
			isa = PBXGroup;
			children = (
				62CFA6F81D77563200F6EF82 /* MyShowcase.app */,
			);
			name = Products;
			sourceTree = "<group>";
		};
		62CFA6FA1D77563300F6EF82 /* MyShowcase */ = {
			isa = PBXGroup;
			children = (
				62CFA71B1D7768FC00F6EF82 /* Util */,
				62CFA7101D77568600F6EF82 /* Resources */,
				62CFA70F1D77567800F6EF82 /* Model */,
				62CFA70E1D77567200F6EF82 /* View */,
				62CFA70D1D77566800F6EF82 /* Controller */,
				62CFA6FB1D77563300F6EF82 /* AppDelegate.swift */,
				62CFA6FD1D77563300F6EF82 /* ViewController.swift */,
				62CFA6FF1D77563300F6EF82 /* Main.storyboard */,
				62CFA7021D77563300F6EF82 /* Assets.xcassets */,
				62CFA7041D77563300F6EF82 /* LaunchScreen.storyboard */,
				62CFA7071D77563300F6EF82 /* Info.plist */,
			);
			path = MyShowcase;
			sourceTree = "<group>";
		};
		62CFA70D1D77566800F6EF82 /* Controller */ = {
			isa = PBXGroup;
			children = (
			);
			name = Controller;
			sourceTree = "<group>";
		};
		62CFA70E1D77567200F6EF82 /* View */ = {
			isa = PBXGroup;
			children = (
				62CFA7191D77686E00F6EF82 /* MaterialView.swift */,
				62CFA71E1D77833400F6EF82 /* MaterialButton.swift */,
				62CFA7201D778AA900F6EF82 /* MaterialTextField.swift */,
			);
			name = View;
			sourceTree = "<group>";
		};
		62CFA70F1D77567800F6EF82 /* Model */ = {
			isa = PBXGroup;
			children = (
			);
			name = Model;
			sourceTree = "<group>";
		};
		62CFA7101D77568600F6EF82 /* Resources */ = {
			isa = PBXGroup;
			children = (
				62CFA7111D7756CC00F6EF82 /* NotoSans-Bold.ttf */,
				62CFA7121D7756CC00F6EF82 /* NotoSans-BoldItalic.ttf */,
				62CFA7131D7756CC00F6EF82 /* NotoSans-Italic.ttf */,
				62CFA7141D7756CC00F6EF82 /* NotoSans-Regular.ttf */,
			);
			name = Resources;
			sourceTree = "<group>";
		};
		62CFA71B1D7768FC00F6EF82 /* Util */ = {
			isa = PBXGroup;
			children = (
				62CFA71C1D77691800F6EF82 /* Constants.swift */,
			);
			name = Util;
			sourceTree = "<group>";
		};
/* End PBXGroup section */

/* Begin PBXNativeTarget section */
		62CFA6F71D77563200F6EF82 /* MyShowcase */ = {
			isa = PBXNativeTarget;
			buildConfigurationList = 62CFA70A1D77563300F6EF82 /* Build configuration list for PBXNativeTarget "MyShowcase" */;
			buildPhases = (
				62CFA6F41D77563200F6EF82 /* Sources */,
				62CFA6F51D77563200F6EF82 /* Frameworks */,
				62CFA6F61D77563200F6EF82 /* Resources */,
			);
			buildRules = (
			);
			dependencies = (
			);
			name = MyShowcase;
			productName = MyShowcase;
			productReference = 62CFA6F81D77563200F6EF82 /* MyShowcase.app */;
			productType = "com.apple.product-type.application";
		};
/* End PBXNativeTarget section */

/* Begin PBXProject section */
		62CFA6F01D77563200F6EF82 /* Project object */ = {
			isa = PBXProject;
			attributes = {
				LastSwiftUpdateCheck = 0730;
				LastUpgradeCheck = 0730;
				ORGANIZATIONNAME = "Vandan Patel";
				TargetAttributes = {
					62CFA6F71D77563200F6EF82 = {
						CreatedOnToolsVersion = 7.3.1;
					};
				};
			};
			buildConfigurationList = 62CFA6F31D77563200F6EF82 /* Build configuration list for PBXProject "MyShowcase" */;
			compatibilityVersion = "Xcode 3.2";
			developmentRegion = English;
			hasScannedForEncodings = 0;
			knownRegions = (
				en,
				Base,
			);
			mainGroup = 62CFA6EF1D77563200F6EF82;
			productRefGroup = 62CFA6F91D77563200F6EF82 /* Products */;
			projectDirPath = "";
			projectRoot = "";
			targets = (
				62CFA6F71D77563200F6EF82 /* MyShowcase */,
			);
		};
/* End PBXProject section */

/* Begin PBXResourcesBuildPhase section */
		62CFA6F61D77563200F6EF82 /* Resources */ = {
			isa = PBXResourcesBuildPhase;
			buildActionMask = 2147483647;
			files = (
				62CFA7151D7756CC00F6EF82 /* NotoSans-Bold.ttf in Resources */,
				62CFA7061D77563300F6EF82 /* LaunchScreen.storyboard in Resources */,
				62CFA7161D7756CC00F6EF82 /* NotoSans-BoldItalic.ttf in Resources */,
				62CFA7171D7756CC00F6EF82 /* NotoSans-Italic.ttf in Resources */,
				62CFA7031D77563300F6EF82 /* Assets.xcassets in Resources */,
				62CFA7011D77563300F6EF82 /* Main.storyboard in Resources */,
				62CFA7181D7756CC00F6EF82 /* NotoSans-Regular.ttf in Resources */,
			);
			runOnlyForDeploymentPostprocessing = 0;
		};
/* End PBXResourcesBuildPhase section */

/* Begin PBXSourcesBuildPhase section */
		62CFA6F41D77563200F6EF82 /* Sources */ = {
			isa = PBXSourcesBuildPhase;
			buildActionMask = 2147483647;
			files = (
				62CFA7211D778AA900F6EF82 /* MaterialTextField.swift in Sources */,
				62CFA71A1D77686E00F6EF82 /* MaterialView.swift in Sources */,
				62CFA6FE1D77563300F6EF82 /* ViewController.swift in Sources */,
				62CFA6FC1D77563300F6EF82 /* AppDelegate.swift in Sources */,
				62CFA71D1D77691800F6EF82 /* Constants.swift in Sources */,
				62CFA71F1D77833400F6EF82 /* MaterialButton.swift in Sources */,
			);
			runOnlyForDeploymentPostprocessing = 0;
		};
/* End PBXSourcesBuildPhase section */

/* Begin PBXVariantGroup section */
		62CFA6FF1D77563300F6EF82 /* Main.storyboard */ = {
			isa = PBXVariantGroup;
			children = (
				62CFA7001D77563300F6EF82 /* Base */,
			);
			name = Main.storyboard;
			sourceTree = "<group>";
		};
		62CFA7041D77563300F6EF82 /* LaunchScreen.storyboard */ = {
			isa = PBXVariantGroup;
			children = (
				62CFA7051D77563300F6EF82 /* Base */,
			);
			name = LaunchScreen.storyboard;
			sourceTree = "<group>";
		};
/* End PBXVariantGroup section */

/* Begin XCBuildConfiguration section */
		62CFA7081D77563300F6EF82 /* Debug */ = {
			isa = XCBuildConfiguration;
			buildSettings = {
				ALWAYS_SEARCH_USER_PATHS = NO;
				CLANG_ANALYZER_NONNULL = YES;
				CLANG_CXX_LANGUAGE_STANDARD = "gnu++0x";
				CLANG_CXX_LIBRARY = "libc++";
				CLANG_ENABLE_MODULES = YES;
				CLANG_ENABLE_OBJC_ARC = YES;
				CLANG_WARN_BOOL_CONVERSION = YES;
				CLANG_WARN_CONSTANT_CONVERSION = YES;
				CLANG_WARN_DIRECT_OBJC_ISA_USAGE = YES_ERROR;
				CLANG_WARN_EMPTY_BODY = YES;
				CLANG_WARN_ENUM_CONVERSION = YES;
				CLANG_WARN_INT_CONVERSION = YES;
				CLANG_WARN_OBJC_ROOT_CLASS = YES_ERROR;
				CLANG_WARN_UNREACHABLE_CODE = YES;
				CLANG_WARN__DUPLICATE_METHOD_MATCH = YES;
				"CODE_SIGN_IDENTITY[sdk=iphoneos*]" = "iPhone Developer";
				COPY_PHASE_STRIP = NO;
				DEBUG_INFORMATION_FORMAT = dwarf;
				ENABLE_STRICT_OBJC_MSGSEND = YES;
				ENABLE_TESTABILITY = YES;
				GCC_C_LANGUAGE_STANDARD = gnu99;
				GCC_DYNAMIC_NO_PIC = NO;
				GCC_NO_COMMON_BLOCKS = YES;
				GCC_OPTIMIZATION_LEVEL = 0;
				GCC_PREPROCESSOR_DEFINITIONS = (
					"DEBUG=1",
					"$(inherited)",
				);
				GCC_WARN_64_TO_32_BIT_CONVERSION = YES;
				GCC_WARN_ABOUT_RETURN_TYPE = YES_ERROR;
				GCC_WARN_UNDECLARED_SELECTOR = YES;
				GCC_WARN_UNINITIALIZED_AUTOS = YES_AGGRESSIVE;
				GCC_WARN_UNUSED_FUNCTION = YES;
				GCC_WARN_UNUSED_VARIABLE = YES;
				IPHONEOS_DEPLOYMENT_TARGET = 9.3;
				MTL_ENABLE_DEBUG_INFO = YES;
				ONLY_ACTIVE_ARCH = YES;
				SDKROOT = iphoneos;
				SWIFT_OPTIMIZATION_LEVEL = "-Onone";
				TARGETED_DEVICE_FAMILY = "1,2";
			};
			name = Debug;
		};
		62CFA7091D77563300F6EF82 /* Release */ = {
			isa = XCBuildConfiguration;
			buildSettings = {
				ALWAYS_SEARCH_USER_PATHS = NO;
				CLANG_ANALYZER_NONNULL = YES;
				CLANG_CXX_LANGUAGE_STANDARD = "gnu++0x";
				CLANG_CXX_LIBRARY = "libc++";
				CLANG_ENABLE_MODULES = YES;
				CLANG_ENABLE_OBJC_ARC = YES;
				CLANG_WARN_BOOL_CONVERSION = YES;
				CLANG_WARN_CONSTANT_CONVERSION = YES;
				CLANG_WARN_DIRECT_OBJC_ISA_USAGE = YES_ERROR;
				CLANG_WARN_EMPTY_BODY = YES;
				CLANG_WARN_ENUM_CONVERSION = YES;
				CLANG_WARN_INT_CONVERSION = YES;
				CLANG_WARN_OBJC_ROOT_CLASS = YES_ERROR;
				CLANG_WARN_UNREACHABLE_CODE = YES;
				CLANG_WARN__DUPLICATE_METHOD_MATCH = YES;
				"CODE_SIGN_IDENTITY[sdk=iphoneos*]" = "iPhone Developer";
				COPY_PHASE_STRIP = NO;
				DEBUG_INFORMATION_FORMAT = "dwarf-with-dsym";
				ENABLE_NS_ASSERTIONS = NO;
				ENABLE_STRICT_OBJC_MSGSEND = YES;
				GCC_C_LANGUAGE_STANDARD = gnu99;
				GCC_NO_COMMON_BLOCKS = YES;
				GCC_WARN_64_TO_32_BIT_CONVERSION = YES;
				GCC_WARN_ABOUT_RETURN_TYPE = YES_ERROR;
				GCC_WARN_UNDECLARED_SELECTOR = YES;
				GCC_WARN_UNINITIALIZED_AUTOS = YES_AGGRESSIVE;
				GCC_WARN_UNUSED_FUNCTION = YES;
				GCC_WARN_UNUSED_VARIABLE = YES;
				IPHONEOS_DEPLOYMENT_TARGET = 9.3;
				MTL_ENABLE_DEBUG_INFO = NO;
				SDKROOT = iphoneos;
				TARGETED_DEVICE_FAMILY = "1,2";
				VALIDATE_PRODUCT = YES;
			};
			name = Release;
		};
		62CFA70B1D77563300F6EF82 /* Debug */ = {
			isa = XCBuildConfiguration;
			buildSettings = {
				ASSETCATALOG_COMPILER_APPICON_NAME = AppIcon;
				INFOPLIST_FILE = MyShowcase/Info.plist;
				LD_RUNPATH_SEARCH_PATHS = "$(inherited) @executable_path/Frameworks";
				PRODUCT_BUNDLE_IDENTIFIER = com.vandanpatel.MyShowcase;
				PRODUCT_NAME = "$(TARGET_NAME)";
			};
			name = Debug;
		};
		62CFA70C1D77563300F6EF82 /* Release */ = {
			isa = XCBuildConfiguration;
			buildSettings = {
				ASSETCATALOG_COMPILER_APPICON_NAME = AppIcon;
				INFOPLIST_FILE = MyShowcase/Info.plist;
				LD_RUNPATH_SEARCH_PATHS = "$(inherited) @executable_path/Frameworks";
				PRODUCT_BUNDLE_IDENTIFIER = com.vandanpatel.MyShowcase;
				PRODUCT_NAME = "$(TARGET_NAME)";
			};
			name = Release;
		};
/* End XCBuildConfiguration section */

/* Begin XCConfigurationList section */
		62CFA6F31D77563200F6EF82 /* Build configuration list for PBXProject "MyShowcase" */ = {
			isa = XCConfigurationList;
			buildConfigurations = (
				62CFA7081D77563300F6EF82 /* Debug */,
				62CFA7091D77563300F6EF82 /* Release */,
			);
			defaultConfigurationIsVisible = 0;
			defaultConfigurationName = Release;
		};
		62CFA70A1D77563300F6EF82 /* Build configuration list for PBXNativeTarget "MyShowcase" */ = {
			isa = XCConfigurationList;
			buildConfigurations = (
				62CFA70B1D77563300F6EF82 /* Debug */,
				62CFA70C1D77563300F6EF82 /* Release */,
			);
			defaultConfigurationIsVisible = 0;
		};
/* End XCConfigurationList section */
	};
	rootObject = 62CFA6F01D77563200F6EF82 /* Project object */;
}
